
Microsoft Visual Studio Solution File, Format Version 12.00
# Visual Studio Version 17
VisualStudioVersion = 17.8.0.0
MinimumVisualStudioVersion = 17.8.0.0
Project("{9A19103F-16F7-4668-BE54-9A1E7A4F7556}") = "ECommerceLite.AppHost", "ECommerceLite.AppHost\ECommerceLite.AppHost.csproj", "{491EF364-241B-40F1-BEB6-8A9FB5F20563}"
EndProject
Project("{9A19103F-16F7-4668-BE54-9A1E7A4F7556}") = "ECommerceLite.Server", "ECommerceLite.Server\ECommerceLite.Server.csproj", "{328A2A2E-1147-420D-BFFC-2D27102A67BA}"
EndProject
Project("{54A90642-561A-4BB1-A94E-469ADEE60C69}") = "frontend", "frontend\frontend.esproj", "{30BEFE2A-719E-4E16-A33A-D3C95849C26F}"
EndProject
Project("{FAE04EC0-301F-11D3-BF4B-00C04F79EFBC}") = "ECommerceLite.CartService", "ECommerceLite.CartService\ECommerceLite.CartService.csproj", "{836D63B1-62F5-4B62-A1B5-00E337BA5478}"
EndProject
Global
	GlobalSection(SolutionConfigurationPlatforms) = preSolution
		Debug|Any CPU = Debug|Any CPU
		Debug|x64 = Debug|x64
		Debug|x86 = Debug|x86
		Release|Any CPU = Release|Any CPU
		Release|x64 = Release|x64
		Release|x86 = Release|x86
	EndGlobalSection
	GlobalSection(ProjectConfigurationPlatforms) = postSolution
		{491EF364-241B-40F1-BEB6-8A9FB5F20563}.Debug|Any CPU.ActiveCfg = Debug|Any CPU
		{491EF364-241B-40F1-BEB6-8A9FB5F20563}.Debug|Any CPU.Build.0 = Debug|Any CPU
		{491EF364-241B-40F1-BEB6-8A9FB5F20563}.Debug|x64.ActiveCfg = Debug|Any CPU
		{491EF364-241B-40F1-BEB6-8A9FB5F20563}.Debug|x64.Build.0 = Debug|Any CPU
		{491EF364-241B-40F1-BEB6-8A9FB5F20563}.Debug|x86.ActiveCfg = Debug|Any CPU
		{491EF364-241B-40F1-BEB6-8A9FB5F20563}.Debug|x86.Build.0 = Debug|Any CPU
		{491EF364-241B-40F1-BEB6-8A9FB5F20563}.Release|Any CPU.ActiveCfg = Release|Any CPU
		{491EF364-241B-40F1-BEB6-8A9FB5F20563}.Release|Any CPU.Build.0 = Release|Any CPU
		{491EF364-241B-40F1-BEB6-8A9FB5F20563}.Release|x64.ActiveCfg = Release|Any CPU
		{491EF364-241B-40F1-BEB6-8A9FB5F20563}.Release|x64.Build.0 = Release|Any CPU
		{491EF364-241B-40F1-BEB6-8A9FB5F20563}.Release|x86.ActiveCfg = Release|Any CPU
		{491EF364-241B-40F1-BEB6-8A9FB5F20563}.Release|x86.Build.0 = Release|Any CPU
		{328A2A2E-1147-420D-BFFC-2D27102A67BA}.Debug|Any CPU.ActiveCfg = Debug|Any CPU
		{328A2A2E-1147-420D-BFFC-2D27102A67BA}.Debug|Any CPU.Build.0 = Debug|Any CPU
		{328A2A2E-1147-420D-BFFC-2D27102A67BA}.Debug|x64.ActiveCfg = Debug|Any CPU
		{328A2A2E-1147-420D-BFFC-2D27102A67BA}.Debug|x64.Build.0 = Debug|Any CPU
		{328A2A2E-1147-420D-BFFC-2D27102A67BA}.Debug|x86.ActiveCfg = Debug|Any CPU
		{328A2A2E-1147-420D-BFFC-2D27102A67BA}.Debug|x86.Build.0 = Debug|Any CPU
		{328A2A2E-1147-420D-BFFC-2D27102A67BA}.Release|Any CPU.ActiveCfg = Release|Any CPU
		{328A2A2E-1147-420D-BFFC-2D27102A67BA}.Release|Any CPU.Build.0 = Release|Any CPU
		{328A2A2E-1147-420D-BFFC-2D27102A67BA}.Release|x64.ActiveCfg = Release|Any CPU
		{328A2A2E-1147-420D-BFFC-2D27102A67BA}.Release|x64.Build.0 = Release|Any CPU
		{328A2A2E-1147-420D-BFFC-2D27102A67BA}.Release|x86.ActiveCfg = Release|Any CPU
		{328A2A2E-1147-420D-BFFC-2D27102A67BA}.Release|x86.Build.0 = Release|Any CPU
		{30BEFE2A-719E-4E16-A33A-D3C95849C26F}.Debug|Any CPU.ActiveCfg = Debug|Any CPU
		{30BEFE2A-719E-4E16-A33A-D3C95849C26F}.Debug|Any CPU.Build.0 = Debug|Any CPU
		{30BEFE2A-719E-4E16-A33A-D3C95849C26F}.Debug|x64.ActiveCfg = Debug|x64
		{30BEFE2A-719E-4E16-A33A-D3C95849C26F}.Debug|x86.ActiveCfg = Debug|x86
		{30BEFE2A-719E-4E16-A33A-D3C95849C26F}.Release|Any CPU.ActiveCfg = Release|Any CPU
		{30BEFE2A-719E-4E16-A33A-D3C95849C26F}.Release|Any CPU.Build.0 = Release|Any CPU
		{30BEFE2A-719E-4E16-A33A-D3C95849C26F}.Release|x64.ActiveCfg = Release|x64
		{30BEFE2A-719E-4E16-A33A-D3C95849C26F}.Release|x86.ActiveCfg = Release|x86
		{836D63B1-62F5-4B62-A1B5-00E337BA5478}.Debug|Any CPU.ActiveCfg = Debug|Any CPU
		{836D63B1-62F5-4B62-A1B5-00E337BA5478}.Debug|Any CPU.Build.0 = Debug|Any CPU
		{836D63B1-62F5-4B62-A1B5-00E337BA5478}.Debug|x64.ActiveCfg = Debug|Any CPU
		{836D63B1-62F5-4B62-A1B5-00E337BA5478}.Debug|x64.Build.0 = Debug|Any CPU
		{836D63B1-62F5-4B62-A1B5-00E337BA5478}.Debug|x86.ActiveCfg = Debug|Any CPU
		{836D63B1-62F5-4B62-A1B5-00E337BA5478}.Debug|x86.Build.0 = Debug|Any CPU
		{836D63B1-62F5-4B62-A1B5-00E337BA5478}.Release|Any CPU.ActiveCfg = Release|Any CPU
		{836D63B1-62F5-4B62-A1B5-00E337BA5478}.Release|Any CPU.Build.0 = Release|Any CPU
		{836D63B1-62F5-4B62-A1B5-00E337BA5478}.Release|x64.ActiveCfg = Release|Any CPU
		{836D63B1-62F5-4B62-A1B5-00E337BA5478}.Release|x64.Build.0 = Release|Any CPU
		{836D63B1-62F5-4B62-A1B5-00E337BA5478}.Release|x86.ActiveCfg = Release|Any CPU
		{836D63B1-62F5-4B62-A1B5-00E337BA5478}.Release|x86.Build.0 = Release|Any CPU
	EndGlobalSection
	GlobalSection(SolutionProperties) = preSolution
		HideSolutionNode = FALSE
	EndGlobalSection
	GlobalSection(ExtensibilityGlobals) = postSolution
		SolutionGuid = {E14EFA4D-CD5B-44C3-998B-3EA01852FA7B}
	EndGlobalSection
EndGlobal
